
Microsoft Visual Studio Solution File, Format Version 12.00
# Visual Studio Version 16
VisualStudioVersion = 16.0.32126.315
MinimumVisualStudioVersion = 10.0.40219.1
Project("{FAE04EC0-301F-11D3-BF4B-00C04F79EFBC}") = "InsuranceCalculator", "InsuranceCalculator\InsuranceCalculator.csproj", "{3867202F-901E-4EF1-AB90-262A26C5E57B}"
EndProject
Project("{FAE04EC0-301F-11D3-BF4B-00C04F79EFBC}") = "InsuranceCalculator.Abstractions", "InsuranceCalculator.Abstractions\InsuranceCalculator.Abstractions.csproj", "{E63A3870-8BD7-41CB-A7F0-BBDF31CA730A}"
EndProject
Project("{FAE04EC0-301F-11D3-BF4B-00C04F79EFBC}") = "InsuranceCalculator.Models", "InsuranceCalculator.Models\InsuranceCalculator.Models.csproj", "{2F915C49-164C-4F98-B46E-BCB00FE35826}"
EndProject
Global
	GlobalSection(SolutionConfigurationPlatforms) = preSolution
		Debug|Any CPU = Debug|Any CPU
		Release|Any CPU = Release|Any CPU
	EndGlobalSection
	GlobalSection(ProjectConfigurationPlatforms) = postSolution
		{3867202F-901E-4EF1-AB90-262A26C5E57B}.Debug|Any CPU.ActiveCfg = Debug|Any CPU
		{3867202F-901E-4EF1-AB90-262A26C5E57B}.Debug|Any CPU.Build.0 = Debug|Any CPU
		{3867202F-901E-4EF1-AB90-262A26C5E57B}.Release|Any CPU.ActiveCfg = Release|Any CPU
		{3867202F-901E-4EF1-AB90-262A26C5E57B}.Release|Any CPU.Build.0 = Release|Any CPU
		{E63A3870-8BD7-41CB-A7F0-BBDF31CA730A}.Debug|Any CPU.ActiveCfg = Debug|Any CPU
		{E63A3870-8BD7-41CB-A7F0-BBDF31CA730A}.Debug|Any CPU.Build.0 = Debug|Any CPU
		{E63A3870-8BD7-41CB-A7F0-BBDF31CA730A}.Release|Any CPU.ActiveCfg = Release|Any CPU
		{E63A3870-8BD7-41CB-A7F0-BBDF31CA730A}.Release|Any CPU.Build.0 = Release|Any CPU
		{2F915C49-164C-4F98-B46E-BCB00FE35826}.Debug|Any CPU.ActiveCfg = Debug|Any CPU
		{2F915C49-164C-4F98-B46E-BCB00FE35826}.Debug|Any CPU.Build.0 = Debug|Any CPU
		{2F915C49-164C-4F98-B46E-BCB00FE35826}.Release|Any CPU.ActiveCfg = Release|Any CPU
		{2F915C49-164C-4F98-B46E-BCB00FE35826}.Release|Any CPU.Build.0 = Release|Any CPU
	EndGlobalSection
	GlobalSection(SolutionProperties) = preSolution
		HideSolutionNode = FALSE
	EndGlobalSection
	GlobalSection(ExtensibilityGlobals) = postSolution
		SolutionGuid = {334DFFDF-8F60-4DBA-A1D5-35B5513CC64B}
	EndGlobalSection
EndGlobal
